PODS:
  - SnapKit (4.2.0)
  - XJCommentTextView (0.1.0):
    - SnapKit

DEPENDENCIES:
  - SnapKit
  - XJCommentTextView (from `../`)

SPEC REPOS:
  https://github.com/cocoapods/specs.git:
    - SnapKit

EXTERNAL SOURCES:
  XJCommentTextView:
    :path: "../"

SPEC CHECKSUMS:
  SnapKit: fe8a619752f3f27075cc9a90244d75c6c3f27e2a
  XJCommentTextView: c20a1cddc4e9dba32dde7f77949ca54219deabc4

PODFILE CHECKSUM: aaf5f0f0757e1548f196bb6054dc4a0c50f95627

COCOAPODS: 1.6.1
